
Microsoft Visual Studio Solution File, Format Version 12.00
# Visual Studio Version 16
VisualStudioVersion = 16.0.29920.165
MinimumVisualStudioVersion = 10.0.40219.1
Project("{FAE04EC0-301F-11D3-BF4B-00C04F79EFBC}") = "WebTutorialRabbitMQ", "WebTutorialRabbitMQ\WebTutorialRabbitMQ.csproj", "{F9B26488-24D0-4A07-8FE0-9AE4FAF645F2}"
EndProject
Global
	GlobalSection(SolutionConfigurationPlatforms) = preSolution
		Debug|Any CPU = Debug|Any CPU
		Release|Any CPU = Release|Any CPU
	EndGlobalSection
	GlobalSection(ProjectConfigurationPlatforms) = postSolution
		{F9B26488-24D0-4A07-8FE0-9AE4FAF645F2}.Debug|Any CPU.ActiveCfg = Debug|Any CPU
		{F9B26488-24D0-4A07-8FE0-9AE4FAF645F2}.Debug|Any CPU.Build.0 = Debug|Any CPU
		{F9B26488-24D0-4A07-8FE0-9AE4FAF645F2}.Release|Any CPU.ActiveCfg = Release|Any CPU
		{F9B26488-24D0-4A07-8FE0-9AE4FAF645F2}.Release|Any CPU.Build.0 = Release|Any CPU
	EndGlobalSection
	GlobalSection(SolutionProperties) = preSolution
		HideSolutionNode = FALSE
	EndGlobalSection
	GlobalSection(ExtensibilityGlobals) = postSolution
		SolutionGuid = {7499CD34-1414-4297-BC8A-CDD94BE37923}
	EndGlobalSection
EndGlobal
